// !$*UTF8*$!
{
	archiveVersion = 1;
	classes = {
	};
	objectVersion = 56;
	objects = {

/* Begin PBXBuildFile section */
		9CC1BA7F2A9BF0F100E07167 /* AppDelegate.swift in Sources */ = {isa = PBXBuildFile; fileRef = 9CC1BA7E2A9BF0F100E07167 /* AppDelegate.swift */; };
		9CC1BA812A9BF0F100E07167 /* SceneDelegate.swift in Sources */ = {isa = PBXBuildFile; fileRef = 9CC1BA802A9BF0F100E07167 /* SceneDelegate.swift */; };
		9CC1BA832A9BF0F100E07167 /* HomeViewController.swift in Sources */ = {isa = PBXBuildFile; fileRef = 9CC1BA822A9BF0F100E07167 /* HomeViewController.swift */; };
		9CC1BA862A9BF0F100E07167 /* Main.storyboard in Resources */ = {isa = PBXBuildFile; fileRef = 9CC1BA842A9BF0F100E07167 /* Main.storyboard */; };
		9CC1BA882A9BF0F200E07167 /* Assets.xcassets in Resources */ = {isa = PBXBuildFile; fileRef = 9CC1BA872A9BF0F200E07167 /* Assets.xcassets */; };
		9CC1BA8B2A9BF0F200E07167 /* LaunchScreen.storyboard in Resources */ = {isa = PBXBuildFile; fileRef = 9CC1BA892A9BF0F200E07167 /* LaunchScreen.storyboard */; };
		9CC1BA952A9C6B7200E07167 /* NetworkManager.swift in Sources */ = {isa = PBXBuildFile; fileRef = 9CC1BA942A9C6B7200E07167 /* NetworkManager.swift */; };
		9CC1BA972A9C6BF300E07167 /* VideosModel.swift in Sources */ = {isa = PBXBuildFile; fileRef = 9CC1BA962A9C6BF300E07167 /* VideosModel.swift */; };
		9CC1BA992A9C6C8900E07167 /* DisscoveryData.swift in Sources */ = {isa = PBXBuildFile; fileRef = 9CC1BA982A9C6C8900E07167 /* DisscoveryData.swift */; };
		9CC1BA9B2A9C701F00E07167 /* DiscoveryTableViewCell.swift in Sources */ = {isa = PBXBuildFile; fileRef = 9CC1BA9A2A9C701F00E07167 /* DiscoveryTableViewCell.swift */; };
		9CC1BA9D2A9C71C600E07167 /* DiscoveryCollectionViewCell.swift in Sources */ = {isa = PBXBuildFile; fileRef = 9CC1BA9C2A9C71C600E07167 /* DiscoveryCollectionViewCell.swift */; };
		9CC1BAA12A9C83FE00E07167 /* APIRes.json in Resources */ = {isa = PBXBuildFile; fileRef = 9CC1BAA02A9C83FE00E07167 /* APIRes.json */; };
		9CC1BAA42A9C84AF00E07167 /* VideosTableViewCell.swift in Sources */ = {isa = PBXBuildFile; fileRef = 9CC1BAA22A9C84AF00E07167 /* VideosTableViewCell.swift */; };
		9CC1BAA52A9C84AF00E07167 /* VideosTableViewCell.xib in Resources */ = {isa = PBXBuildFile; fileRef = 9CC1BAA32A9C84AF00E07167 /* VideosTableViewCell.xib */; };
		9CC1BAA72A9C928300E07167 /* ShortsCollectionViewCell.swift in Sources */ = {isa = PBXBuildFile; fileRef = 9CC1BAA62A9C928300E07167 /* ShortsCollectionViewCell.swift */; };
		9CC1BAA92A9C92A000E07167 /* ShortsTableViewCell.swift in Sources */ = {isa = PBXBuildFile; fileRef = 9CC1BAA82A9C92A000E07167 /* ShortsTableViewCell.swift */; };
/* End PBXBuildFile section */

/* Begin PBXFileReference section */
		9CC1BA7B2A9BF0F100E07167 /* SBnriTube.app */ = {isa = PBXFileReference; explicitFileType = wrapper.application; includeInIndex = 0; path = SBnriTube.app; sourceTree = BUILT_PRODUCTS_DIR; };
		9CC1BA7E2A9BF0F100E07167 /* AppDelegate.swift */ = {isa = PBXFileReference; lastKnownFileType = sourcecode.swift; path = AppDelegate.swift; sourceTree = "<group>"; };
		9CC1BA802A9BF0F100E07167 /* SceneDelegate.swift */ = {isa = PBXFileReference; lastKnownFileType = sourcecode.swift; path = SceneDelegate.swift; sourceTree = "<group>"; };
		9CC1BA822A9BF0F100E07167 /* HomeViewController.swift */ = {isa = PBXFileReference; lastKnownFileType = sourcecode.swift; path = HomeViewController.swift; sourceTree = "<group>"; };
		9CC1BA852A9BF0F100E07167 /* Base */ = {isa = PBXFileReference; lastKnownFileType = file.storyboard; name = Base; path = Base.lproj/Main.storyboard; sourceTree = "<group>"; };
		9CC1BA872A9BF0F200E07167 /* Assets.xcassets */ = {isa = PBXFileReference; lastKnownFileType = folder.assetcatalog; path = Assets.xcassets; sourceTree = "<group>"; };
		9CC1BA8A2A9BF0F200E07167 /* Base */ = {isa = PBXFileReference; lastKnownFileType = file.storyboard; name = Base; path = Base.lproj/LaunchScreen.storyboard; sourceTree = "<group>"; };
		9CC1BA8C2A9BF0F200E07167 /* Info.plist */ = {isa = PBXFileReference; lastKnownFileType = text.plist.xml; path = Info.plist; sourceTree = "<group>"; };
		9CC1BA942A9C6B7200E07167 /* NetworkManager.swift */ = {isa = PBXFileReference; lastKnownFileType = sourcecode.swift; path = NetworkManager.swift; sourceTree = "<group>"; };
		9CC1BA962A9C6BF300E07167 /* VideosModel.swift */ = {isa = PBXFileReference; lastKnownFileType = sourcecode.swift; path = VideosModel.swift; sourceTree = "<group>"; };
		9CC1BA982A9C6C8900E07167 /* DisscoveryData.swift */ = {isa = PBXFileReference; lastKnownFileType = sourcecode.swift; path = DisscoveryData.swift; sourceTree = "<group>"; };
		9CC1BA9A2A9C701F00E07167 /* DiscoveryTableViewCell.swift */ = {isa = PBXFileReference; lastKnownFileType = sourcecode.swift; path = DiscoveryTableViewCell.swift; sourceTree = "<group>"; };
		9CC1BA9C2A9C71C600E07167 /* DiscoveryCollectionViewCell.swift */ = {isa = PBXFileReference; lastKnownFileType = sourcecode.swift; path = DiscoveryCollectionViewCell.swift; sourceTree = "<group>"; };
		9CC1BAA02A9C83FE00E07167 /* APIRes.json */ = {isa = PBXFileReference; fileEncoding = 4; lastKnownFileType = text.json; path = APIRes.json; sourceTree = "<group>"; };
		9CC1BAA22A9C84AF00E07167 /* VideosTableViewCell.swift */ = {isa = PBXFileReference; lastKnownFileType = sourcecode.swift; path = VideosTableViewCell.swift; sourceTree = "<group>"; };
		9CC1BAA32A9C84AF00E07167 /* VideosTableViewCell.xib */ = {isa = PBXFileReference; lastKnownFileType = file.xib; path = VideosTableViewCell.xib; sourceTree = "<group>"; };
		9CC1BAA62A9C928300E07167 /* ShortsCollectionViewCell.swift */ = {isa = PBXFileReference; lastKnownFileType = sourcecode.swift; path = ShortsCollectionViewCell.swift; sourceTree = "<group>"; };
		9CC1BAA82A9C92A000E07167 /* ShortsTableViewCell.swift */ = {isa = PBXFileReference; lastKnownFileType = sourcecode.swift; path = ShortsTableViewCell.swift; sourceTree = "<group>"; };
/* End PBXFileReference section */

/* Begin PBXFrameworksBuildPhase section */
		9CC1BA782A9BF0F100E07167 /* Frameworks */ = {
			isa = PBXFrameworksBuildPhase;
			buildActionMask = 2147483647;
			files = (
			);
			runOnlyForDeploymentPostprocessing = 0;
		};
/* End PBXFrameworksBuildPhase section */

/* Begin PBXGroup section */
		9CC1BA722A9BF0F100E07167 = {
			isa = PBXGroup;
			children = (
				9CC1BA7D2A9BF0F100E07167 /* SBnriTube */,
				9CC1BA7C2A9BF0F100E07167 /* Products */,
			);
			sourceTree = "<group>";
		};
		9CC1BA7C2A9BF0F100E07167 /* Products */ = {
			isa = PBXGroup;
			children = (
				9CC1BA7B2A9BF0F100E07167 /* SBnriTube.app */,
			);
			name = Products;
			sourceTree = "<group>";
		};
		9CC1BA7D2A9BF0F100E07167 /* SBnriTube */ = {
			isa = PBXGroup;
			children = (
				9CC1BA7E2A9BF0F100E07167 /* AppDelegate.swift */,
				9CC1BA802A9BF0F100E07167 /* SceneDelegate.swift */,
				9CC1BAAA2A9CA88400E07167 /* Model */,
				9CC1BAAF2A9CA96E00E07167 /* Views */,
				9CC1BAAB2A9CA8AE00E07167 /* Controllers */,
				9CC1BAB02A9CA9D500E07167 /* Services */,
				9CC1BAAC2A9CA8D200E07167 /* Ulility */,
				9CC1BA842A9BF0F100E07167 /* Main.storyboard */,
				9CC1BA892A9BF0F200E07167 /* LaunchScreen.storyboard */,
				9CC1BA872A9BF0F200E07167 /* Assets.xcassets */,
				9CC1BA8C2A9BF0F200E07167 /* Info.plist */,
			);
			path = SBnriTube;
			sourceTree = "<group>";
		};
		9CC1BAAA2A9CA88400E07167 /* Model */ = {
			isa = PBXGroup;
			children = (
				9CC1BA962A9C6BF300E07167 /* VideosModel.swift */,
				9CC1BA982A9C6C8900E07167 /* DisscoveryData.swift */,
			);
			path = Model;
			sourceTree = "<group>";
		};
		9CC1BAAB2A9CA8AE00E07167 /* Controllers */ = {
			isa = PBXGroup;
			children = (
				9CC1BA822A9BF0F100E07167 /* HomeViewController.swift */,
			);
			path = Controllers;
			sourceTree = "<group>";
		};
		9CC1BAAC2A9CA8D200E07167 /* Ulility */ = {
			isa = PBXGroup;
			children = (
				9CC1BAA02A9C83FE00E07167 /* APIRes.json */,
			);
			path = Ulility;
			sourceTree = "<group>";
		};
		9CC1BAAD2A9CA91300E07167 /* Discovery Section */ = {
			isa = PBXGroup;
			children = (
				9CC1BA9A2A9C701F00E07167 /* DiscoveryTableViewCell.swift */,
				9CC1BA9C2A9C71C600E07167 /* DiscoveryCollectionViewCell.swift */,
			);
			path = "Discovery Section";
			sourceTree = "<group>";
		};
		9CC1BAAE2A9CA94800E07167 /* Shorts Section */ = {
			isa = PBXGroup;
			children = (
				9CC1BAA62A9C928300E07167 /* ShortsCollectionViewCell.swift */,
				9CC1BAA82A9C92A000E07167 /* ShortsTableViewCell.swift */,
				9CC1BAA32A9C84AF00E07167 /* VideosTableViewCell.xib */,
			);
			path = "Shorts Section";
			sourceTree = "<group>";
		};
		9CC1BAAF2A9CA96E00E07167 /* Views */ = {
			isa = PBXGroup;
			children = (
				9CC1BAA22A9C84AF00E07167 /* VideosTableViewCell.swift */,
				9CC1BAAD2A9CA91300E07167 /* Discovery Section */,
				9CC1BAAE2A9CA94800E07167 /* Shorts Section */,
			);
			path = Views;
			sourceTree = "<group>";
		};
		9CC1BAB02A9CA9D500E07167 /* Services */ = {
			isa = PBXGroup;
			children = (
				9CC1BA942A9C6B7200E07167 /* NetworkManager.swift */,
			);
			path = Services;
			sourceTree = "<group>";
		};
/* End PBXGroup section */

/* Begin PBXNativeTarget section */
		9CC1BA7A2A9BF0F100E07167 /* SBnriTube */ = {
			isa = PBXNativeTarget;
			buildConfigurationList = 9CC1BA8F2A9BF0F200E07167 /* Build configuration list for PBXNativeTarget "SBnriTube" */;
			buildPhases = (
				9CC1BA772A9BF0F100E07167 /* Sources */,
				9CC1BA782A9BF0F100E07167 /* Frameworks */,
				9CC1BA792A9BF0F100E07167 /* Resources */,
			);
			buildRules = (
			);
			dependencies = (
			);
			name = SBnriTube;
			productName = SBnriTube;
			productReference = 9CC1BA7B2A9BF0F100E07167 /* SBnriTube.app */;
			productType = "com.apple.product-type.application";
		};
/* End PBXNativeTarget section */

/* Begin PBXProject section */
		9CC1BA732A9BF0F100E07167 /* Project object */ = {
			isa = PBXProject;
			attributes = {
				BuildIndependentTargetsInParallel = 1;
				LastSwiftUpdateCheck = 1430;
				LastUpgradeCheck = 1430;
				TargetAttributes = {
					9CC1BA7A2A9BF0F100E07167 = {
						CreatedOnToolsVersion = 14.3.1;
					};
				};
			};
			buildConfigurationList = 9CC1BA762A9BF0F100E07167 /* Build configuration list for PBXProject "SBnriTube" */;
			compatibilityVersion = "Xcode 14.0";
			developmentRegion = en;
			hasScannedForEncodings = 0;
			knownRegions = (
				en,
				Base,
			);
			mainGroup = 9CC1BA722A9BF0F100E07167;
			productRefGroup = 9CC1BA7C2A9BF0F100E07167 /* Products */;
			projectDirPath = "";
			projectRoot = "";
			targets = (
				9CC1BA7A2A9BF0F100E07167 /* SBnriTube */,
			);
		};
/* End PBXProject section */

/* Begin PBXResourcesBuildPhase section */
		9CC1BA792A9BF0F100E07167 /* Resources */ = {
			isa = PBXResourcesBuildPhase;
			buildActionMask = 2147483647;
			files = (
				9CC1BA8B2A9BF0F200E07167 /* LaunchScreen.storyboard in Resources */,
				9CC1BAA52A9C84AF00E07167 /* VideosTableViewCell.xib in Resources */,
				9CC1BA882A9BF0F200E07167 /* Assets.xcassets in Resources */,
				9CC1BA862A9BF0F100E07167 /* Main.storyboard in Resources */,
				9CC1BAA12A9C83FE00E07167 /* APIRes.json in Resources */,
			);
			runOnlyForDeploymentPostprocessing = 0;
		};
/* End PBXResourcesBuildPhase section */

/* Begin PBXSourcesBuildPhase section */
		9CC1BA772A9BF0F100E07167 /* Sources */ = {
			isa = PBXSourcesBuildPhase;
			buildActionMask = 2147483647;
			files = (
				9CC1BAA92A9C92A000E07167 /* ShortsTableViewCell.swift in Sources */,
				9CC1BA952A9C6B7200E07167 /* NetworkManager.swift in Sources */,
				9CC1BA832A9BF0F100E07167 /* HomeViewController.swift in Sources */,
				9CC1BA9B2A9C701F00E07167 /* DiscoveryTableViewCell.swift in Sources */,
				9CC1BAA72A9C928300E07167 /* ShortsCollectionViewCell.swift in Sources */,
				9CC1BA972A9C6BF300E07167 /* VideosModel.swift in Sources */,
				9CC1BAA42A9C84AF00E07167 /* VideosTableViewCell.swift in Sources */,
				9CC1BA9D2A9C71C600E07167 /* DiscoveryCollectionViewCell.swift in Sources */,
				9CC1BA7F2A9BF0F100E07167 /* AppDelegate.swift in Sources */,
				9CC1BA992A9C6C8900E07167 /* DisscoveryData.swift in Sources */,
				9CC1BA812A9BF0F100E07167 /* SceneDelegate.swift in Sources */,
			);
			runOnlyForDeploymentPostprocessing = 0;
		};
/* End PBXSourcesBuildPhase section */

/* Begin PBXVariantGroup section */
		9CC1BA842A9BF0F100E07167 /* Main.storyboard */ = {
			isa = PBXVariantGroup;
			children = (
				9CC1BA852A9BF0F100E07167 /* Base */,
			);
			name = Main.storyboard;
			sourceTree = "<group>";
		};
		9CC1BA892A9BF0F200E07167 /* LaunchScreen.storyboard */ = {
			isa = PBXVariantGroup;
			children = (
				9CC1BA8A2A9BF0F200E07167 /* Base */,
			);
			name = LaunchScreen.storyboard;
			sourceTree = "<group>";
		};
/* End PBXVariantGroup section */

/* Begin XCBuildConfiguration section */
		9CC1BA8D2A9BF0F200E07167 /* Debug */ = {
			isa = XCBuildConfiguration;
			buildSettings = {
				ALWAYS_SEARCH_USER_PATHS = NO;
				CLANG_ANALYZER_NONNULL = YES;
				CLANG_ANALYZER_NUMBER_OBJECT_CONVERSION = YES_AGGRESSIVE;
				CLANG_CXX_LANGUAGE_STANDARD = "gnu++20";
				CLANG_ENABLE_MODULES = YES;
				CLANG_ENABLE_OBJC_ARC = YES;
				CLANG_ENABLE_OBJC_WEAK = YES;
				CLANG_WARN_BLOCK_CAPTURE_AUTORELEASING = YES;
				CLANG_WARN_BOOL_CONVERSION = YES;
				CLANG_WARN_COMMA = YES;
				CLANG_WARN_CONSTANT_CONVERSION = YES;
				CLANG_WARN_DEPRECATED_OBJC_IMPLEMENTATIONS = YES;
				CLANG_WARN_DIRECT_OBJC_ISA_USAGE = YES_ERROR;
				CLANG_WARN_DOCUMENTATION_COMMENTS = YES;
				CLANG_WARN_EMPTY_BODY = YES;
				CLANG_WARN_ENUM_CONVERSION = YES;
				CLANG_WARN_INFINITE_RECURSION = YES;
				CLANG_WARN_INT_CONVERSION = YES;
				CLANG_WARN_NON_LITERAL_NULL_CONVERSION = YES;
				CLANG_WARN_OBJC_IMPLICIT_RETAIN_SELF = YES;
				CLANG_WARN_OBJC_LITERAL_CONVERSION = YES;
				CLANG_WARN_OBJC_ROOT_CLASS = YES_ERROR;
				CLANG_WARN_QUOTED_INCLUDE_IN_FRAMEWORK_HEADER = YES;
				CLANG_WARN_RANGE_LOOP_ANALYSIS = YES;
				CLANG_WARN_STRICT_PROTOTYPES = YES;
				CLANG_WARN_SUSPICIOUS_MOVE = YES;
				CLANG_WARN_UNGUARDED_AVAILABILITY = YES_AGGRESSIVE;
				CLANG_WARN_UNREACHABLE_CODE = YES;
				CLANG_WARN__DUPLICATE_METHOD_MATCH = YES;
				COPY_PHASE_STRIP = NO;
				DEBUG_INFORMATION_FORMAT = dwarf;
				ENABLE_STRICT_OBJC_MSGSEND = YES;
				ENABLE_TESTABILITY = YES;
				GCC_C_LANGUAGE_STANDARD = gnu11;
				GCC_DYNAMIC_NO_PIC = NO;
				GCC_NO_COMMON_BLOCKS = YES;
				GCC_OPTIMIZATION_LEVEL = 0;
				GCC_PREPROCESSOR_DEFINITIONS = (
					"DEBUG=1",
					"$(inherited)",
				);
				GCC_WARN_64_TO_32_BIT_CONVERSION = YES;
				GCC_WARN_ABOUT_RETURN_TYPE = YES_ERROR;
				GCC_WARN_UNDECLARED_SELECTOR = YES;
				GCC_WARN_UNINITIALIZED_AUTOS = YES_AGGRESSIVE;
				GCC_WARN_UNUSED_FUNCTION = YES;
				GCC_WARN_UNUSED_VARIABLE = YES;
				IPHONEOS_DEPLOYMENT_TARGET = 16.4;
				MTL_ENABLE_DEBUG_INFO = INCLUDE_SOURCE;
				MTL_FAST_MATH = YES;
				ONLY_ACTIVE_ARCH = YES;
				SDKROOT = iphoneos;
				SWIFT_ACTIVE_COMPILATION_CONDITIONS = DEBUG;
				SWIFT_OPTIMIZATION_LEVEL = "-Onone";
			};
			name = Debug;
		};
		9CC1BA8E2A9BF0F200E07167 /* Release */ = {
			isa = XCBuildConfiguration;
			buildSettings = {
				ALWAYS_SEARCH_USER_PATHS = NO;
				CLANG_ANALYZER_NONNULL = YES;
				CLANG_ANALYZER_NUMBER_OBJECT_CONVERSION = YES_AGGRESSIVE;
				CLANG_CXX_LANGUAGE_STANDARD = "gnu++20";
				CLANG_ENABLE_MODULES = YES;
				CLANG_ENABLE_OBJC_ARC = YES;
				CLANG_ENABLE_OBJC_WEAK = YES;
				CLANG_WARN_BLOCK_CAPTURE_AUTORELEASING = YES;
				CLANG_WARN_BOOL_CONVERSION = YES;
				CLANG_WARN_COMMA = YES;
				CLANG_WARN_CONSTANT_CONVERSION = YES;
				CLANG_WARN_DEPRECATED_OBJC_IMPLEMENTATIONS = YES;
				CLANG_WARN_DIRECT_OBJC_ISA_USAGE = YES_ERROR;
				CLANG_WARN_DOCUMENTATION_COMMENTS = YES;
				CLANG_WARN_EMPTY_BODY = YES;
				CLANG_WARN_ENUM_CONVERSION = YES;
				CLANG_WARN_INFINITE_RECURSION = YES;
				CLANG_WARN_INT_CONVERSION = YES;
				CLANG_WARN_NON_LITERAL_NULL_CONVERSION = YES;
				CLANG_WARN_OBJC_IMPLICIT_RETAIN_SELF = YES;
				CLANG_WARN_OBJC_LITERAL_CONVERSION = YES;
				CLANG_WARN_OBJC_ROOT_CLASS = YES_ERROR;
				CLANG_WARN_QUOTED_INCLUDE_IN_FRAMEWORK_HEADER = YES;
				CLANG_WARN_RANGE_LOOP_ANALYSIS = YES;
				CLANG_WARN_STRICT_PROTOTYPES = YES;
				CLANG_WARN_SUSPICIOUS_MOVE = YES;
				CLANG_WARN_UNGUARDED_AVAILABILITY = YES_AGGRESSIVE;
				CLANG_WARN_UNREACHABLE_CODE = YES;
				CLANG_WARN__DUPLICATE_METHOD_MATCH = YES;
				COPY_PHASE_STRIP = NO;
				DEBUG_INFORMATION_FORMAT = "dwarf-with-dsym";
				ENABLE_NS_ASSERTIONS = NO;
				ENABLE_STRICT_OBJC_MSGSEND = YES;
				GCC_C_LANGUAGE_STANDARD = gnu11;
				GCC_NO_COMMON_BLOCKS = YES;
				GCC_WARN_64_TO_32_BIT_CONVERSION = YES;
				GCC_WARN_ABOUT_RETURN_TYPE = YES_ERROR;
				GCC_WARN_UNDECLARED_SELECTOR = YES;
				GCC_WARN_UNINITIALIZED_AUTOS = YES_AGGRESSIVE;
				GCC_WARN_UNUSED_FUNCTION = YES;
				GCC_WARN_UNUSED_VARIABLE = YES;
				IPHONEOS_DEPLOYMENT_TARGET = 16.4;
				MTL_ENABLE_DEBUG_INFO = NO;
				MTL_FAST_MATH = YES;
				SDKROOT = iphoneos;
				SWIFT_COMPILATION_MODE = wholemodule;
				SWIFT_OPTIMIZATION_LEVEL = "-O";
				VALIDATE_PRODUCT = YES;
			};
			name = Release;
		};
		9CC1BA902A9BF0F200E07167 /* Debug */ = {
			isa = XCBuildConfiguration;
			buildSettings = {
				ASSETCATALOG_COMPILER_APPICON_NAME = AppIcon;
				ASSETCATALOG_COMPILER_GLOBAL_ACCENT_COLOR_NAME = AccentColor;
				CODE_SIGN_STYLE = Automatic;
				CURRENT_PROJECT_VERSION = 1;
				GENERATE_INFOPLIST_FILE = YES;
				INFOPLIST_FILE = SBnriTube/Info.plist;
				INFOPLIST_KEY_UIApplicationSupportsIndirectInputEvents = YES;
				INFOPLIST_KEY_UILaunchStoryboardName = LaunchScreen;
				INFOPLIST_KEY_UIMainStoryboardFile = Main;
				INFOPLIST_KEY_UISupportedInterfaceOrientations_iPad = "UIInterfaceOrientationPortrait UIInterfaceOrientationPortraitUpsideDown UIInterfaceOrientationLandscapeLeft UIInterfaceOrientationLandscapeRight";
				INFOPLIST_KEY_UISupportedInterfaceOrientations_iPhone = "UIInterfaceOrientationPortrait UIInterfaceOrientationLandscapeLeft UIInterfaceOrientationLandscapeRight";
				LD_RUNPATH_SEARCH_PATHS = (
					"$(inherited)",
					"@executable_path/Frameworks",
				);
				MARKETING_VERSION = 1.0;
				PRODUCT_BUNDLE_IDENTIFIER = Pineapple.SBnriTube;
				PRODUCT_NAME = "$(TARGET_NAME)";
				SWIFT_EMIT_LOC_STRINGS = YES;
				SWIFT_VERSION = 5.0;
				TARGETED_DEVICE_FAMILY = "1,2";
			};
			name = Debug;
		};
		9CC1BA912A9BF0F200E07167 /* Release */ = {
			isa = XCBuildConfiguration;
			buildSettings = {
				ASSETCATALOG_COMPILER_APPICON_NAME = AppIcon;
				ASSETCATALOG_COMPILER_GLOBAL_ACCENT_COLOR_NAME = AccentColor;
				CODE_SIGN_STYLE = Automatic;
				CURRENT_PROJECT_VERSION = 1;
				GENERATE_INFOPLIST_FILE = YES;
				INFOPLIST_FILE = SBnriTube/Info.plist;
				INFOPLIST_KEY_UIApplicationSupportsIndirectInputEvents = YES;
				INFOPLIST_KEY_UILaunchStoryboardName = LaunchScreen;
				INFOPLIST_KEY_UIMainStoryboardFile = Main;
				INFOPLIST_KEY_UISupportedInterfaceOrientations_iPad = "UIInterfaceOrientationPortrait UIInterfaceOrientationPortraitUpsideDown UIInterfaceOrientationLandscapeLeft UIInterfaceOrientationLandscapeRight";
				INFOPLIST_KEY_UISupportedInterfaceOrientations_iPhone = "UIInterfaceOrientationPortrait UIInterfaceOrientationLandscapeLeft UIInterfaceOrientationLandscapeRight";
				LD_RUNPATH_SEARCH_PATHS = (
					"$(inherited)",
					"@executable_path/Frameworks",
				);
				MARKETING_VERSION = 1.0;
				PRODUCT_BUNDLE_IDENTIFIER = Pineapple.SBnriTube;
				PRODUCT_NAME = "$(TARGET_NAME)";
				SWIFT_EMIT_LOC_STRINGS = YES;
				SWIFT_VERSION = 5.0;
				TARGETED_DEVICE_FAMILY = "1,2";
			};
			name = Release;
		};
/* End XCBuildConfiguration section */

/* Begin XCConfigurationList section */
		9CC1BA762A9BF0F100E07167 /* Build configuration list for PBXProject "SBnriTube" */ = {
			isa = XCConfigurationList;
			buildConfigurations = (
				9CC1BA8D2A9BF0F200E07167 /* Debug */,
				9CC1BA8E2A9BF0F200E07167 /* Release */,
			);
			defaultConfigurationIsVisible = 0;
			defaultConfigurationName = Release;
		};
		9CC1BA8F2A9BF0F200E07167 /* Build configuration list for PBXNativeTarget "SBnriTube" */ = {
			isa = XCConfigurationList;
			buildConfigurations = (
				9CC1BA902A9BF0F200E07167 /* Debug */,
				9CC1BA912A9BF0F200E07167 /* Release */,
			);
			defaultConfigurationIsVisible = 0;
			defaultConfigurationName = Release;
		};
/* End XCConfigurationList section */
	};
	rootObject = 9CC1BA732A9BF0F100E07167 /* Project object */;
}
